Microsoft Visual Studio Solution File, Format Version 12.00
# Visual Studio Version 17
VisualStudioVersion = 17.5.2.0
MinimumVisualStudioVersion = 10.0.40219.1
Project("{FAE04EC0-301F-11D3-BF4B-00C04F79EFBC}") = "ShipDefectApp", "ShipDefectApp.csproj", "{3484CD00-92D9-079C-FF2B-381BF1CA26BB}"
EndProject
Global
	GlobalSection(SolutionConfigurationPlatforms) = preSolution
		Debug|Any CPU = Debug|Any CPU
		Release|Any CPU = Release|Any CPU
	EndGlobalSection
	GlobalSection(ProjectConfigurationPlatforms) = postSolution
		{3484CD00-92D9-079C-FF2B-381BF1CA26BB}.Debug|Any CPU.ActiveCfg = Debug|Any CPU
		{3484CD00-92D9-079C-FF2B-381BF1CA26BB}.Debug|Any CPU.Build.0 = Debug|Any CPU
		{3484CD00-92D9-079C-FF2B-381BF1CA26BB}.Release|Any CPU.ActiveCfg = Release|Any CPU
		{3484CD00-92D9-079C-FF2B-381BF1CA26BB}.Release|Any CPU.Build.0 = Release|Any CPU
	EndGlobalSection
	GlobalSection(SolutionProperties) = preSolution
		HideSolutionNode = FALSE
	EndGlobalSection
	GlobalSection(ExtensibilityGlobals) = postSolution
		SolutionGuid = {31F53666-0C83-4EE5-9373-1F9D6E529485}
	EndGlobalSection
EndGlobal
